Microsoft Visual Studio Solution File, Format Version 9.00
# Visual Studio 2005
Project("{8BC9CEB8-8B4A-11D0-8D11-00A0C91BC942}") = "ExampleCPP", "ExampleCPP.vcproj", "{2088B472-8CF3-4871-8BAB-CD265605A71F}"
EndProject
Project("{8BC9CEB8-8B4A-11D0-8D11-00A0C91BC942}") = "ExampleCPPhighlevel", "ExampleCPPhighlevel\ExampleCPPhighlevel.vcproj", "{741B8681-40DD-448E-A2CA-98C2E6F2EBB6}"
EndProject
Global
	GlobalSection(SolutionConfigurationPlatforms) = preSolution
		Debug|Win32 = Debug|Win32
		Release|Win32 = Release|Win32
	EndGlobalSection
	GlobalSection(ProjectConfigurationPlatforms) = postSolution
		{2088B472-8CF3-4871-8BAB-CD265605A71F}.Debug|Win32.ActiveCfg = Debug|Win32
		{2088B472-8CF3-4871-8BAB-CD265605A71F}.Debug|Win32.Build.0 = Debug|Win32
		{2088B472-8CF3-4871-8BAB-CD265605A71F}.Release|Win32.ActiveCfg = Release|Win32
		{2088B472-8CF3-4871-8BAB-CD265605A71F}.Release|Win32.Build.0 = Release|Win32
		{741B8681-40DD-448E-A2CA-98C2E6F2EBB6}.Debug|Win32.ActiveCfg = Debug|Win32
		{741B8681-40DD-448E-A2CA-98C2E6F2EBB6}.Debug|Win32.Build.0 = Debug|Win32
		{741B8681-40DD-448E-A2CA-98C2E6F2EBB6}.Release|Win32.ActiveCfg = Release|Win32
		{741B8681-40DD-448E-A2CA-98C2E6F2EBB6}.Release|Win32.Build.0 = Release|Win32
	EndGlobalSection
	GlobalSection(SolutionProperties) = preSolution
		HideSolutionNode = FALSE
	EndGlobalSection
EndGlobal
